
Microsoft Visual Studio Solution File, Format Version 12.00
# Visual Studio 2012
Project("{D954291E-2A0B-460D-934E-DC6B0785DB48}") = "AddStop", "AddStop\AddStop.shproj", "{90E03C96-844C-42F8-8D4B-A7D3663B20CD}"
EndProject
Project("{FAE04EC0-301F-11D3-BF4B-00C04F79EFBC}") = "AddStop.iOS", "iOS\AddStop.iOS.csproj", "{31769ECC-D4BA-4430-AD5A-ABBA8E0DDB4F}"
EndProject
Project("{FAE04EC0-301F-11D3-BF4B-00C04F79EFBC}") = "AddStop.Droid", "Droid\AddStop.Droid.csproj", "{7B0E1A0F-A185-4B27-BC96-0A6FF4D45918}"
EndProject
Project("{FAE04EC0-301F-11D3-BF4B-00C04F79EFBC}") = "AddStop.MobileAppService", "MobileAppService\AddStop.MobileAppService.csproj", "{5C741DF6-4C06-4D64-A215-EE1B783E0AFB}"
EndProject
Global
	GlobalSection(SolutionConfigurationPlatforms) = preSolution
		Debug|iPhoneSimulator = Debug|iPhoneSimulator
		Release|iPhone = Release|iPhone
		Release|iPhoneSimulator = Release|iPhoneSimulator
		Debug|iPhone = Debug|iPhone
		Debug|Any CPU = Debug|Any CPU
		Release|Any CPU = Release|Any CPU
	EndGlobalSection
	GlobalSection(ProjectConfigurationPlatforms) = postSolution
		{31769ECC-D4BA-4430-AD5A-ABBA8E0DDB4F}.Debug|iPhoneSimulator.ActiveCfg = Debug|iPhoneSimulator
		{31769ECC-D4BA-4430-AD5A-ABBA8E0DDB4F}.Debug|iPhoneSimulator.Build.0 = Debug|iPhoneSimulator
		{31769ECC-D4BA-4430-AD5A-ABBA8E0DDB4F}.Release|iPhone.ActiveCfg = Release|iPhone
		{31769ECC-D4BA-4430-AD5A-ABBA8E0DDB4F}.Release|iPhone.Build.0 = Release|iPhone
		{31769ECC-D4BA-4430-AD5A-ABBA8E0DDB4F}.Release|iPhoneSimulator.ActiveCfg = Release|iPhoneSimulator
		{31769ECC-D4BA-4430-AD5A-ABBA8E0DDB4F}.Release|iPhoneSimulator.Build.0 = Release|iPhoneSimulator
		{31769ECC-D4BA-4430-AD5A-ABBA8E0DDB4F}.Debug|iPhone.ActiveCfg = Debug|iPhone
		{31769ECC-D4BA-4430-AD5A-ABBA8E0DDB4F}.Debug|iPhone.Build.0 = Debug|iPhone
		{31769ECC-D4BA-4430-AD5A-ABBA8E0DDB4F}.Debug|Any CPU.ActiveCfg = Debug|iPhoneSimulator
		{31769ECC-D4BA-4430-AD5A-ABBA8E0DDB4F}.Debug|Any CPU.Build.0 = Debug|iPhoneSimulator
		{31769ECC-D4BA-4430-AD5A-ABBA8E0DDB4F}.Release|Any CPU.ActiveCfg = Release|iPhone
		{31769ECC-D4BA-4430-AD5A-ABBA8E0DDB4F}.Release|Any CPU.Build.0 = Release|iPhone
		{7B0E1A0F-A185-4B27-BC96-0A6FF4D45918}.Debug|iPhoneSimulator.ActiveCfg = Debug|Any CPU
		{7B0E1A0F-A185-4B27-BC96-0A6FF4D45918}.Debug|iPhoneSimulator.Build.0 = Debug|Any CPU
		{7B0E1A0F-A185-4B27-BC96-0A6FF4D45918}.Release|iPhone.ActiveCfg = Release|Any CPU
		{7B0E1A0F-A185-4B27-BC96-0A6FF4D45918}.Release|iPhone.Build.0 = Release|Any CPU
		{7B0E1A0F-A185-4B27-BC96-0A6FF4D45918}.Release|iPhoneSimulator.ActiveCfg = Release|Any CPU
		{7B0E1A0F-A185-4B27-BC96-0A6FF4D45918}.Release|iPhoneSimulator.Build.0 = Release|Any CPU
		{7B0E1A0F-A185-4B27-BC96-0A6FF4D45918}.Debug|iPhone.ActiveCfg = Debug|Any CPU
		{7B0E1A0F-A185-4B27-BC96-0A6FF4D45918}.Debug|iPhone.Build.0 = Debug|Any CPU
		{7B0E1A0F-A185-4B27-BC96-0A6FF4D45918}.Debug|Any CPU.ActiveCfg = Debug|Any CPU
		{7B0E1A0F-A185-4B27-BC96-0A6FF4D45918}.Debug|Any CPU.Build.0 = Debug|Any CPU
		{7B0E1A0F-A185-4B27-BC96-0A6FF4D45918}.Release|Any CPU.ActiveCfg = Release|Any CPU
		{7B0E1A0F-A185-4B27-BC96-0A6FF4D45918}.Release|Any CPU.Build.0 = Release|Any CPU
		{5C741DF6-4C06-4D64-A215-EE1B783E0AFB}.Debug|iPhoneSimulator.ActiveCfg = Debug|Any CPU
		{5C741DF6-4C06-4D64-A215-EE1B783E0AFB}.Debug|iPhoneSimulator.Build.0 = Debug|Any CPU
		{5C741DF6-4C06-4D64-A215-EE1B783E0AFB}.Release|iPhone.ActiveCfg = Release|Any CPU
		{5C741DF6-4C06-4D64-A215-EE1B783E0AFB}.Release|iPhone.Build.0 = Release|Any CPU
		{5C741DF6-4C06-4D64-A215-EE1B783E0AFB}.Release|iPhoneSimulator.ActiveCfg = Release|Any CPU
		{5C741DF6-4C06-4D64-A215-EE1B783E0AFB}.Release|iPhoneSimulator.Build.0 = Release|Any CPU
		{5C741DF6-4C06-4D64-A215-EE1B783E0AFB}.Debug|iPhone.ActiveCfg = Debug|Any CPU
		{5C741DF6-4C06-4D64-A215-EE1B783E0AFB}.Debug|iPhone.Build.0 = Debug|Any CPU
		{5C741DF6-4C06-4D64-A215-EE1B783E0AFB}.Debug|Any CPU.ActiveCfg = Debug|Any CPU
		{5C741DF6-4C06-4D64-A215-EE1B783E0AFB}.Debug|Any CPU.Build.0 = Debug|Any CPU
		{5C741DF6-4C06-4D64-A215-EE1B783E0AFB}.Release|Any CPU.ActiveCfg = Release|Any CPU
		{5C741DF6-4C06-4D64-A215-EE1B783E0AFB}.Release|Any CPU.Build.0 = Release|Any CPU
	EndGlobalSection
EndGlobal
